
Microsoft Visual Studio Solution File, Format Version 12.00
# Visual Studio 2013
VisualStudioVersion = 12.0.21005.1
MinimumVisualStudioVersion = 10.0.40219.1
Project("{F2A71F9B-5D33-465A-A702-920D77279786}") = "FSharpKata", "FSharpKata\FSharpKata.fsproj", "{BDECF1CE-22BC-4C84-93DB-A2D08DA48E5F}"
EndProject
Project("{F2A71F9B-5D33-465A-A702-920D77279786}") = "FSharpKataTests", "FSharpKataTests\FSharpKataTests.fsproj", "{55923799-541D-4EEE-A692-035E3863333F}"
EndProject
Global
	GlobalSection(SolutionConfigurationPlatforms) = preSolution
		Debug|Any CPU = Debug|Any CPU
		Release|Any CPU = Release|Any CPU
	EndGlobalSection
	GlobalSection(ProjectConfigurationPlatforms) = postSolution
		{BDECF1CE-22BC-4C84-93DB-A2D08DA48E5F}.Debug|Any CPU.ActiveCfg = Debug|Any CPU
		{BDECF1CE-22BC-4C84-93DB-A2D08DA48E5F}.Debug|Any CPU.Build.0 = Debug|Any CPU
		{BDECF1CE-22BC-4C84-93DB-A2D08DA48E5F}.Release|Any CPU.ActiveCfg = Release|Any CPU
		{BDECF1CE-22BC-4C84-93DB-A2D08DA48E5F}.Release|Any CPU.Build.0 = Release|Any CPU
		{55923799-541D-4EEE-A692-035E3863333F}.Debug|Any CPU.ActiveCfg = Debug|Any CPU
		{55923799-541D-4EEE-A692-035E3863333F}.Debug|Any CPU.Build.0 = Debug|Any CPU
		{55923799-541D-4EEE-A692-035E3863333F}.Release|Any CPU.ActiveCfg = Release|Any CPU
		{55923799-541D-4EEE-A692-035E3863333F}.Release|Any CPU.Build.0 = Release|Any CPU
	EndGlobalSection
	GlobalSection(SolutionProperties) = preSolution
		HideSolutionNode = FALSE
	EndGlobalSection
EndGlobal
